
Microsoft Visual Studio Solution File, Format Version 12.00
# Visual Studio 2013
VisualStudioVersion = 12.0.40629.0
MinimumVisualStudioVersion = 10.0.40219.1
Project("{FAE04EC0-301F-11D3-BF4B-00C04F79EFBC}") = "ChinaTelecom", "ChinaTelecom\ChinaTelecom.csproj", "{F8EE6AB3-0402-48DB-87B5-34C5666FDD3F}"
EndProject
Project("{FAE04EC0-301F-11D3-BF4B-00C04F79EFBC}") = "InfoChina", "InfoChina\InfoChina.csproj", "{D88EEBF0-438A-4DD3-A71E-8ABC2C173AAE}"
EndProject
Global
	GlobalSection(SolutionConfigurationPlatforms) = preSolution
		Debug|Any CPU = Debug|Any CPU
		Release|Any CPU = Release|Any CPU
	EndGlobalSection
	GlobalSection(ProjectConfigurationPlatforms) = postSolution
		{F8EE6AB3-0402-48DB-87B5-34C5666FDD3F}.Debug|Any CPU.ActiveCfg = Debug|Any CPU
		{F8EE6AB3-0402-48DB-87B5-34C5666FDD3F}.Debug|Any CPU.Build.0 = Debug|Any CPU
		{F8EE6AB3-0402-48DB-87B5-34C5666FDD3F}.Release|Any CPU.ActiveCfg = Release|Any CPU
		{F8EE6AB3-0402-48DB-87B5-34C5666FDD3F}.Release|Any CPU.Build.0 = Release|Any CPU
		{D88EEBF0-438A-4DD3-A71E-8ABC2C173AAE}.Debug|Any CPU.ActiveCfg = Debug|Any CPU
		{D88EEBF0-438A-4DD3-A71E-8ABC2C173AAE}.Debug|Any CPU.Build.0 = Debug|Any CPU
		{D88EEBF0-438A-4DD3-A71E-8ABC2C173AAE}.Release|Any CPU.ActiveCfg = Release|Any CPU
		{D88EEBF0-438A-4DD3-A71E-8ABC2C173AAE}.Release|Any CPU.Build.0 = Release|Any CPU
	EndGlobalSection
	GlobalSection(SolutionProperties) = preSolution
		HideSolutionNode = FALSE
	EndGlobalSection
EndGlobal
